// !$*UTF8*$!
{
	archiveVersion = 1;
	classes = {
	};
	objectVersion = 48;
	objects = {

/* Begin PBXBuildFile section */
		0F52302B215E340F0091EAB0 /* Accelerate.framework in Frameworks */ = {isa = PBXBuildFile; fileRef = 0F52302A215E340F0091EAB0 /* Accelerate.framework */; };
		0F88E9D82119717000F0A7E5 /* ServerHelper.swift in Sources */ = {isa = PBXBuildFile; fileRef = 0F88E9D72119717000F0A7E5 /* ServerHelper.swift */; };
		0F88E9DB211971C200F0A7E5 /* AlertUtil.swift in Sources */ = {isa = PBXBuildFile; fileRef = 0F88E9DA211971C200F0A7E5 /* AlertUtil.swift */; };
		0F99AA9921003185008AFD51 /* AppDelegate.swift in Sources */ = {isa = PBXBuildFile; fileRef = 0F99AA9821003185008AFD51 /* AppDelegate.swift */; };
		0F99AA9E21003185008AFD51 /* Main.storyboard in Resources */ = {isa = PBXBuildFile; fileRef = 0F99AA9C21003185008AFD51 /* Main.storyboard */; };
		0F99AAA021003186008AFD51 /* Assets.xcassets in Resources */ = {isa = PBXBuildFile; fileRef = 0F99AA9F21003186008AFD51 /* Assets.xcassets */; };
		0F99AAA321003186008AFD51 /* LaunchScreen.storyboard in Resources */ = {isa = PBXBuildFile; fileRef = 0F99AAA121003186008AFD51 /* LaunchScreen.storyboard */; };
		0F99AAAD21003329008AFD51 /* MainViewController.swift in Sources */ = {isa = PBXBuildFile; fileRef = 0F99AAAC21003329008AFD51 /* MainViewController.swift */; };
		0F99AAAF21003393008AFD51 /* KeyCenter.swift in Sources */ = {isa = PBXBuildFile; fileRef = 0F99AAAE21003393008AFD51 /* KeyCenter.swift */; };
		0F99AAB22100359E008AFD51 /* AVFoundation.framework in Frameworks */ = {isa = PBXBuildFile; fileRef = 0F99AAB12100359E008AFD51 /* AVFoundation.framework */; };
		0F99AAB4210035A6008AFD51 /* AudioToolbox.framework in Frameworks */ = {isa = PBXBuildFile; fileRef = 0F99AAB3210035A6008AFD51 /* AudioToolbox.framework */; };
		0F99AAB6210035AC008AFD51 /* VideoToolbox.framework in Frameworks */ = {isa = PBXBuildFile; fileRef = 0F99AAB5210035AC008AFD51 /* VideoToolbox.framework */; };
		0F99AAB8210035B6008AFD51 /* CoreTelephony.framework in Frameworks */ = {isa = PBXBuildFile; fileRef = 0F99AAB7210035B6008AFD51 /* CoreTelephony.framework */; };
		0F99AABA210035BD008AFD51 /* SystemConfiguration.framework in Frameworks */ = {isa = PBXBuildFile; fileRef = 0F99AAB9210035BD008AFD51 /* SystemConfiguration.framework */; };
		0F99AABE210035CE008AFD51 /* libresolv.tbd in Frameworks */ = {isa = PBXBuildFile; fileRef = 0F99AABD210035CE008AFD51 /* libresolv.tbd */; };
		0F99AAC02100367C008AFD51 /* LiveRoomViewController.swift in Sources */ = {isa = PBXBuildFile; fileRef = 0F99AABF2100367C008AFD51 /* LiveRoomViewController.swift */; };
		0F99AAC221003FEB008AFD51 /* InjectStreamConfigTableViewController.swift in Sources */ = {isa = PBXBuildFile; fileRef = 0F99AAC121003FEB008AFD51 /* InjectStreamConfigTableViewController.swift */; };
		0F99AAC421004C7C008AFD51 /* CommonExtensions.swift in Sources */ = {isa = PBXBuildFile; fileRef = 0F99AAC321004C7B008AFD51 /* CommonExtensions.swift */; };
		0F99AAC621004E45008AFD51 /* libstdc++.tbd in Frameworks */ = {isa = PBXBuildFile; fileRef = 0F99AAC521004E44008AFD51 /* libstdc++.tbd */; };
		0F99AAD7210085D3008AFD51 /* VideoSession.swift in Sources */ = {isa = PBXBuildFile; fileRef = 0F99AAD2210085D3008AFD51 /* VideoSession.swift */; };
		0F99AAD8210085D3008AFD51 /* PopView.swift in Sources */ = {isa = PBXBuildFile; fileRef = 0F99AAD3210085D3008AFD51 /* PopView.swift */; };
		0F99AADA210085D3008AFD51 /* PopView.xib in Resources */ = {isa = PBXBuildFile; fileRef = 0F99AAD5210085D3008AFD51 /* PopView.xib */; };
		0F99AADB210085D3008AFD51 /* VideoViewLayouter.swift in Sources */ = {isa = PBXBuildFile; fileRef = 0F99AAD6210085D3008AFD51 /* VideoViewLayouter.swift */; };
		38845B8F21E735AD005BBCAD /* AgoraRtcEngineKit.framework in Frameworks */ = {isa = PBXBuildFile; fileRef = 38845B8E21E735AD005BBCAD /* AgoraRtcEngineKit.framework */; };
/* End PBXBuildFile section */

/* Begin PBXFileReference section */
		0F52302A215E340F0091EAB0 /* Accelerate.framework */ = {isa = PBXFileReference; lastKnownFileType = wrapper.framework; name = Accelerate.framework; path = System/Library/Frameworks/Accelerate.framework; sourceTree = SDKROOT; };
		0F88E9D72119717000F0A7E5 /* ServerHelper.swift */ = {isa = PBXFileReference; fileEncoding = 4; lastKnownFileType = sourcecode.swift; path = ServerHelper.swift; sourceTree = "<group>"; };
		0F88E9DA211971C200F0A7E5 /* AlertUtil.swift */ = {isa = PBXFileReference; fileEncoding = 4; lastKnownFileType = sourcecode.swift; path = AlertUtil.swift; sourceTree = "<group>"; };
		0F99AA9521003185008AFD51 /* AgoraInjectStreaming.app */ = {isa = PBXFileReference; explicitFileType = wrapper.application; includeInIndex = 0; path = AgoraInjectStreaming.app; sourceTree = BUILT_PRODUCTS_DIR; };
		0F99AA9821003185008AFD51 /* AppDelegate.swift */ = {isa = PBXFileReference; lastKnownFileType = sourcecode.swift; path = AppDelegate.swift; sourceTree = "<group>"; };
		0F99AA9D21003185008AFD51 /* Base */ = {isa = PBXFileReference; lastKnownFileType = file.storyboard; name = Base; path = Base.lproj/Main.storyboard; sourceTree = "<group>"; };
		0F99AA9F21003186008AFD51 /* Assets.xcassets */ = {isa = PBXFileReference; lastKnownFileType = folder.assetcatalog; path = Assets.xcassets; sourceTree = "<group>"; };
		0F99AAA221003186008AFD51 /* Base */ = {isa = PBXFileReference; lastKnownFileType = file.storyboard; name = Base; path = Base.lproj/LaunchScreen.storyboard; sourceTree = "<group>"; };
		0F99AAA421003186008AFD51 /* Info.plist */ = {isa = PBXFileReference; lastKnownFileType = text.plist.xml; path = Info.plist; sourceTree = "<group>"; };
		0F99AAAC21003329008AFD51 /* MainViewController.swift */ = {isa = PBXFileReference; lastKnownFileType = sourcecode.swift; path = MainViewController.swift; sourceTree = "<group>"; };
		0F99AAAE21003393008AFD51 /* KeyCenter.swift */ = {isa = PBXFileReference; fileEncoding = 4; lastKnownFileType = sourcecode.swift; path = KeyCenter.swift; sourceTree = "<group>"; };
		0F99AAB12100359E008AFD51 /* AVFoundation.framework */ = {isa = PBXFileReference; lastKnownFileType = wrapper.framework; name = AVFoundation.framework; path = System/Library/Frameworks/AVFoundation.framework; sourceTree = SDKROOT; };
		0F99AAB3210035A6008AFD51 /* AudioToolbox.framework */ = {isa = PBXFileReference; lastKnownFileType = wrapper.framework; name = AudioToolbox.framework; path = System/Library/Frameworks/AudioToolbox.framework; sourceTree = SDKROOT; };
		0F99AAB5210035AC008AFD51 /* VideoToolbox.framework */ = {isa = PBXFileReference; lastKnownFileType = wrapper.framework; name = VideoToolbox.framework; path = System/Library/Frameworks/VideoToolbox.framework; sourceTree = SDKROOT; };
		0F99AAB7210035B6008AFD51 /* CoreTelephony.framework */ = {isa = PBXFileReference; lastKnownFileType = wrapper.framework; name = CoreTelephony.framework; path = System/Library/Frameworks/CoreTelephony.framework; sourceTree = SDKROOT; };
		0F99AAB9210035BD008AFD51 /* SystemConfiguration.framework */ = {isa = PBXFileReference; lastKnownFileType = wrapper.framework; name = SystemConfiguration.framework; path = System/Library/Frameworks/SystemConfiguration.framework; sourceTree = SDKROOT; };
		0F99AABD210035CE008AFD51 /* libresolv.tbd */ = {isa = PBXFileReference; lastKnownFileType = "sourcecode.text-based-dylib-definition"; name = libresolv.tbd; path = usr/lib/libresolv.tbd; sourceTree = SDKROOT; };
		0F99AABF2100367C008AFD51 /* LiveRoomViewController.swift */ = {isa = PBXFileReference; lastKnownFileType = sourcecode.swift; path = LiveRoomViewController.swift; sourceTree = "<group>"; };
		0F99AAC121003FEB008AFD51 /* InjectStreamConfigTableViewController.swift */ = {isa = PBXFileReference; lastKnownFileType = sourcecode.swift; path = InjectStreamConfigTableViewController.swift; sourceTree = "<group>"; };
		0F99AAC321004C7B008AFD51 /* CommonExtensions.swift */ = {isa = PBXFileReference; fileEncoding = 4; lastKnownFileType = sourcecode.swift; path = CommonExtensions.swift; sourceTree = "<group>"; };
		0F99AAC521004E44008AFD51 /* libstdc++.tbd */ = {isa = PBXFileReference; lastKnownFileType = "sourcecode.text-based-dylib-definition"; name = "libstdc++.tbd"; path = "usr/lib/libstdc++.tbd"; sourceTree = SDKROOT; };
		0F99AAD2210085D3008AFD51 /* VideoSession.swift */ = {isa = PBXFileReference; fileEncoding = 4; lastKnownFileType = sourcecode.swift; path = VideoSession.swift; sourceTree = "<group>"; };
		0F99AAD3210085D3008AFD51 /* PopView.swift */ = {isa = PBXFileReference; fileEncoding = 4; lastKnownFileType = sourcecode.swift; path = PopView.swift; sourceTree = "<group>"; };
		0F99AAD5210085D3008AFD51 /* PopView.xib */ = {isa = PBXFileReference; fileEncoding = 4; lastKnownFileType = file.xib; path = PopView.xib; sourceTree = "<group>"; };
		0F99AAD6210085D3008AFD51 /* VideoViewLayouter.swift */ = {isa = PBXFileReference; fileEncoding = 4; lastKnownFileType = sourcecode.swift; path = VideoViewLayouter.swift; sourceTree = "<group>"; };
		38845B8E21E735AD005BBCAD /* AgoraRtcEngineKit.framework */ = {isa = PBXFileReference; lastKnownFileType = wrapper.framework; name = AgoraRtcEngineKit.framework; path = AgoraInjectStreaming/AgoraRtcEngineKit.framework; sourceTree = "<group>"; };
/* End PBXFileReference section */

/* Begin PBXFrameworksBuildPhase section */
		0F99AA9221003185008AFD51 /* Frameworks */ = {
			isa = PBXFrameworksBuildPhase;
			buildActionMask = 2147483647;
			files = (
				38845B8F21E735AD005BBCAD /* AgoraRtcEngineKit.framework in Frameworks */,
				0F52302B215E340F0091EAB0 /* Accelerate.framework in Frameworks */,
				0F99AAC621004E45008AFD51 /* libstdc++.tbd in Frameworks */,
				0F99AABE210035CE008AFD51 /* libresolv.tbd in Frameworks */,
				0F99AABA210035BD008AFD51 /* SystemConfiguration.framework in Frameworks */,
				0F99AAB8210035B6008AFD51 /* CoreTelephony.framework in Frameworks */,
				0F99AAB6210035AC008AFD51 /* VideoToolbox.framework in Frameworks */,
				0F99AAB4210035A6008AFD51 /* AudioToolbox.framework in Frameworks */,
				0F99AAB22100359E008AFD51 /* AVFoundation.framework in Frameworks */,
			);
			runOnlyForDeploymentPostprocessing = 0;
		};
/* End PBXFrameworksBuildPhase section */

/* Begin PBXGroup section */
		0F5A184721009CB500959B61 /* Controllers */ = {
			isa = PBXGroup;
			children = (
				0F99AAAC21003329008AFD51 /* MainViewController.swift */,
				0F99AABF2100367C008AFD51 /* LiveRoomViewController.swift */,
				0F99AAC121003FEB008AFD51 /* InjectStreamConfigTableViewController.swift */,
			);
			path = Controllers;
			sourceTree = "<group>";
		};
		0F88E9D92119717A00F0A7E5 /* Utils */ = {
			isa = PBXGroup;
			children = (
				0F88E9DA211971C200F0A7E5 /* AlertUtil.swift */,
				0F88E9D72119717000F0A7E5 /* ServerHelper.swift */,
			);
			path = Utils;
			sourceTree = "<group>";
		};
		0F99AA8C21003185008AFD51 = {
			isa = PBXGroup;
			children = (
				0F99AA9721003185008AFD51 /* AgoraInjectStreaming */,
				0F99AA9621003185008AFD51 /* Products */,
				0F99AAB02100359E008AFD51 /* Frameworks */,
			);
			sourceTree = "<group>";
		};
		0F99AA9621003185008AFD51 /* Products */ = {
			isa = PBXGroup;
			children = (
				0F99AA9521003185008AFD51 /* AgoraInjectStreaming.app */,
			);
			name = Products;
			sourceTree = "<group>";
		};
		0F99AA9721003185008AFD51 /* AgoraInjectStreaming */ = {
			isa = PBXGroup;
			children = (
				0F99AAAE21003393008AFD51 /* KeyCenter.swift */,
				0F5A184721009CB500959B61 /* Controllers */,
				0F99AAD1210085D3008AFD51 /* Views */,
				0F88E9D92119717A00F0A7E5 /* Utils */,
				0F99AA9C21003185008AFD51 /* Main.storyboard */,
				0F99AA9821003185008AFD51 /* AppDelegate.swift */,
				0F99AAC321004C7B008AFD51 /* CommonExtensions.swift */,
				0F99AA9F21003186008AFD51 /* Assets.xcassets */,
				0F99AAA121003186008AFD51 /* LaunchScreen.storyboard */,
				0F99AAA421003186008AFD51 /* Info.plist */,
			);
			path = AgoraInjectStreaming;
			sourceTree = "<group>";
		};
		0F99AAB02100359E008AFD51 /* Frameworks */ = {
			isa = PBXGroup;
			children = (
				0F52302A215E340F0091EAB0 /* Accelerate.framework */,
				0F99AAC521004E44008AFD51 /* libstdc++.tbd */,
				0F99AABD210035CE008AFD51 /* libresolv.tbd */,
				38845B8E21E735AD005BBCAD /* AgoraRtcEngineKit.framework */,
				0F99AAB9210035BD008AFD51 /* SystemConfiguration.framework */,
				0F99AAB7210035B6008AFD51 /* CoreTelephony.framework */,
				0F99AAB5210035AC008AFD51 /* VideoToolbox.framework */,
				0F99AAB3210035A6008AFD51 /* AudioToolbox.framework */,
				0F99AAB12100359E008AFD51 /* AVFoundation.framework */,
			);
			name = Frameworks;
			sourceTree = "<group>";
		};
		0F99AAD1210085D3008AFD51 /* Views */ = {
			isa = PBXGroup;
			children = (
				0F99AAD2210085D3008AFD51 /* VideoSession.swift */,
				0F99AAD3210085D3008AFD51 /* PopView.swift */,
				0F99AAD5210085D3008AFD51 /* PopView.xib */,
				0F99AAD6210085D3008AFD51 /* VideoViewLayouter.swift */,
			);
			path = Views;
			sourceTree = "<group>";
		};
/* End PBXGroup section */

/* Begin PBXNativeTarget section */
		0F99AA9421003185008AFD51 /* AgoraInjectStreaming */ = {
			isa = PBXNativeTarget;
			buildConfigurationList = 0F99AAA721003186008AFD51 /* Build configuration list for PBXNativeTarget "AgoraInjectStreaming" */;
			buildPhases = (
				0F99AA9121003185008AFD51 /* Sources */,
				0F99AA9221003185008AFD51 /* Frameworks */,
				0F99AA9321003185008AFD51 /* Resources */,
			);
			buildRules = (
			);
			dependencies = (
			);
			name = AgoraInjectStreaming;
			productName = AgoraInjectStreaming;
			productReference = 0F99AA9521003185008AFD51 /* AgoraInjectStreaming.app */;
			productType = "com.apple.product-type.application";
		};
/* End PBXNativeTarget section */

/* Begin PBXProject section */
		0F99AA8D21003185008AFD51 /* Project object */ = {
			isa = PBXProject;
			attributes = {
				LastSwiftUpdateCheck = 0940;
				LastUpgradeCheck = 0940;
				ORGANIZATIONNAME = ZhangJi;
				TargetAttributes = {
					0F99AA9421003185008AFD51 = {
						CreatedOnToolsVersion = 9.4.1;
						LastSwiftMigration = 1010;
						ProvisioningStyle = Manual;
					};
				};
			};
			buildConfigurationList = 0F99AA9021003185008AFD51 /* Build configuration list for PBXProject "AgoraInjectStreaming" */;
			compatibilityVersion = "Xcode 8.0";
			developmentRegion = en;
			hasScannedForEncodings = 0;
			knownRegions = (
				en,
				Base,
			);
			mainGroup = 0F99AA8C21003185008AFD51;
			productRefGroup = 0F99AA9621003185008AFD51 /* Products */;
			projectDirPath = "";
			projectRoot = "";
			targets = (
				0F99AA9421003185008AFD51 /* AgoraInjectStreaming */,
			);
		};
/* End PBXProject section */

/* Begin PBXResourcesBuildPhase section */
		0F99AA9321003185008AFD51 /* Resources */ = {
			isa = PBXResourcesBuildPhase;
			buildActionMask = 2147483647;
			files = (
				0F99AAA321003186008AFD51 /* LaunchScreen.storyboard in Resources */,
				0F99AAA021003186008AFD51 /* Assets.xcassets in Resources */,
				0F99AADA210085D3008AFD51 /* PopView.xib in Resources */,
				0F99AA9E21003185008AFD51 /* Main.storyboard in Resources */,
			);
			runOnlyForDeploymentPostprocessing = 0;
		};
/* End PBXResourcesBuildPhase section */

/* Begin PBXSourcesBuildPhase section */
		0F99AA9121003185008AFD51 /* Sources */ = {
			isa = PBXSourcesBuildPhase;
			buildActionMask = 2147483647;
			files = (
				0F88E9DB211971C200F0A7E5 /* AlertUtil.swift in Sources */,
				0F99AA9921003185008AFD51 /* AppDelegate.swift in Sources */,
				0F99AAD7210085D3008AFD51 /* VideoSession.swift in Sources */,
				0F99AAD8210085D3008AFD51 /* PopView.swift in Sources */,
				0F99AAAF21003393008AFD51 /* KeyCenter.swift in Sources */,
				0F99AAAD21003329008AFD51 /* MainViewController.swift in Sources */,
				0F99AAC221003FEB008AFD51 /* InjectStreamConfigTableViewController.swift in Sources */,
				0F88E9D82119717000F0A7E5 /* ServerHelper.swift in Sources */,
				0F99AADB210085D3008AFD51 /* VideoViewLayouter.swift in Sources */,
				0F99AAC421004C7C008AFD51 /* CommonExtensions.swift in Sources */,
				0F99AAC02100367C008AFD51 /* LiveRoomViewController.swift in Sources */,
			);
			runOnlyForDeploymentPostprocessing = 0;
		};
/* End PBXSourcesBuildPhase section */

/* Begin PBXVariantGroup section */
		0F99AA9C21003185008AFD51 /* Main.storyboard */ = {
			isa = PBXVariantGroup;
			children = (
				0F99AA9D21003185008AFD51 /* Base */,
			);
			name = Main.storyboard;
			sourceTree = "<group>";
		};
		0F99AAA121003186008AFD51 /* LaunchScreen.storyboard */ = {
			isa = PBXVariantGroup;
			children = (
				0F99AAA221003186008AFD51 /* Base */,
			);
			name = LaunchScreen.storyboard;
			sourceTree = "<group>";
		};
/* End PBXVariantGroup section */

/* Begin XCBuildConfiguration section */
		0F99AAA521003186008AFD51 /* Debug */ = {
			isa = XCBuildConfiguration;
			buildSettings = {
				ALWAYS_SEARCH_USER_PATHS = NO;
				CLANG_ANALYZER_NONNULL = YES;
				CLANG_ANALYZER_NUMBER_OBJECT_CONVERSION = YES_AGGRESSIVE;
				CLANG_CXX_LANGUAGE_STANDARD = "gnu++14";
				CLANG_CXX_LIBRARY = "libc++";
				CLANG_ENABLE_MODULES = YES;
				CLANG_ENABLE_OBJC_ARC = YES;
				CLANG_ENABLE_OBJC_WEAK = YES;
				CLANG_WARN_BLOCK_CAPTURE_AUTORELEASING = YES;
				CLANG_WARN_BOOL_CONVERSION = YES;
				CLANG_WARN_COMMA = YES;
				CLANG_WARN_CONSTANT_CONVERSION = YES;
				CLANG_WARN_DEPRECATED_OBJC_IMPLEMENTATIONS = YES;
				CLANG_WARN_DIRECT_OBJC_ISA_USAGE = YES_ERROR;
				CLANG_WARN_DOCUMENTATION_COMMENTS = YES;
				CLANG_WARN_EMPTY_BODY = YES;
				CLANG_WARN_ENUM_CONVERSION = YES;
				CLANG_WARN_INFINITE_RECURSION = YES;
				CLANG_WARN_INT_CONVERSION = YES;
				CLANG_WARN_NON_LITERAL_NULL_CONVERSION = YES;
				CLANG_WARN_OBJC_IMPLICIT_RETAIN_SELF = YES;
				CLANG_WARN_OBJC_LITERAL_CONVERSION = YES;
				CLANG_WARN_OBJC_ROOT_CLASS = YES_ERROR;
				CLANG_WARN_RANGE_LOOP_ANALYSIS = YES;
				CLANG_WARN_STRICT_PROTOTYPES = YES;
				CLANG_WARN_SUSPICIOUS_MOVE = YES;
				CLANG_WARN_UNGUARDED_AVAILABILITY = YES_AGGRESSIVE;
				CLANG_WARN_UNREACHABLE_CODE = YES;
				CLANG_WARN__DUPLICATE_METHOD_MATCH = YES;
				CODE_SIGN_IDENTITY = "iPhone Developer";
				COPY_PHASE_STRIP = NO;
				DEBUG_INFORMATION_FORMAT = dwarf;
				ENABLE_STRICT_OBJC_MSGSEND = YES;
				ENABLE_TESTABILITY = YES;
				GCC_C_LANGUAGE_STANDARD = gnu11;
				GCC_DYNAMIC_NO_PIC = NO;
				GCC_NO_COMMON_BLOCKS = YES;
				GCC_OPTIMIZATION_LEVEL = 0;
				GCC_PREPROCESSOR_DEFINITIONS = (
					"DEBUG=1",
					"$(inherited)",
				);
				GCC_WARN_64_TO_32_BIT_CONVERSION = YES;
				GCC_WARN_ABOUT_RETURN_TYPE = YES_ERROR;
				GCC_WARN_UNDECLARED_SELECTOR = YES;
				GCC_WARN_UNINITIALIZED_AUTOS = YES_AGGRESSIVE;
				GCC_WARN_UNUSED_FUNCTION = YES;
				GCC_WARN_UNUSED_VARIABLE = YES;
				IPHONEOS_DEPLOYMENT_TARGET = 11.4;
				MTL_ENABLE_DEBUG_INFO = YES;
				ONLY_ACTIVE_ARCH = YES;
				SDKROOT = iphoneos;
				SWIFT_ACTIVE_COMPILATION_CONDITIONS = DEBUG;
				SWIFT_OPTIMIZATION_LEVEL = "-Onone";
			};
			name = Debug;
		};
		0F99AAA621003186008AFD51 /* Release */ = {
			isa = XCBuildConfiguration;
			buildSettings = {
				ALWAYS_SEARCH_USER_PATHS = NO;
				CLANG_ANALYZER_NONNULL = YES;
				CLANG_ANALYZER_NUMBER_OBJECT_CONVERSION = YES_AGGRESSIVE;
				CLANG_CXX_LANGUAGE_STANDARD = "gnu++14";
				CLANG_CXX_LIBRARY = "libc++";
				CLANG_ENABLE_MODULES = YES;
				CLANG_ENABLE_OBJC_ARC = YES;
				CLANG_ENABLE_OBJC_WEAK = YES;
				CLANG_WARN_BLOCK_CAPTURE_AUTORELEASING = YES;
				CLANG_WARN_BOOL_CONVERSION = YES;
				CLANG_WARN_COMMA = YES;
				CLANG_WARN_CONSTANT_CONVERSION = YES;
				CLANG_WARN_DEPRECATED_OBJC_IMPLEMENTATIONS = YES;
				CLANG_WARN_DIRECT_OBJC_ISA_USAGE = YES_ERROR;
				CLANG_WARN_DOCUMENTATION_COMMENTS = YES;
				CLANG_WARN_EMPTY_BODY = YES;
				CLANG_WARN_ENUM_CONVERSION = YES;
				CLANG_WARN_INFINITE_RECURSION = YES;
				CLANG_WARN_INT_CONVERSION = YES;
				CLANG_WARN_NON_LITERAL_NULL_CONVERSION = YES;
				CLANG_WARN_OBJC_IMPLICIT_RETAIN_SELF = YES;
				CLANG_WARN_OBJC_LITERAL_CONVERSION = YES;
				CLANG_WARN_OBJC_ROOT_CLASS = YES_ERROR;
				CLANG_WARN_RANGE_LOOP_ANALYSIS = YES;
				CLANG_WARN_STRICT_PROTOTYPES = YES;
				CLANG_WARN_SUSPICIOUS_MOVE = YES;
				CLANG_WARN_UNGUARDED_AVAILABILITY = YES_AGGRESSIVE;
				CLANG_WARN_UNREACHABLE_CODE = YES;
				CLANG_WARN__DUPLICATE_METHOD_MATCH = YES;
				CODE_SIGN_IDENTITY = "iPhone Developer";
				COPY_PHASE_STRIP = NO;
				DEBUG_INFORMATION_FORMAT = "dwarf-with-dsym";
				ENABLE_NS_ASSERTIONS = NO;
				ENABLE_STRICT_OBJC_MSGSEND = YES;
				GCC_C_LANGUAGE_STANDARD = gnu11;
				GCC_NO_COMMON_BLOCKS = YES;
				GCC_WARN_64_TO_32_BIT_CONVERSION = YES;
				GCC_WARN_ABOUT_RETURN_TYPE = YES_ERROR;
				GCC_WARN_UNDECLARED_SELECTOR = YES;
				GCC_WARN_UNINITIALIZED_AUTOS = YES_AGGRESSIVE;
				GCC_WARN_UNUSED_FUNCTION = YES;
				GCC_WARN_UNUSED_VARIABLE = YES;
				IPHONEOS_DEPLOYMENT_TARGET = 11.4;
				MTL_ENABLE_DEBUG_INFO = NO;
				SDKROOT = iphoneos;
				SWIFT_OPTIMIZATION_LEVEL = "-Owholemodule";
				VALIDATE_PRODUCT = YES;
			};
			name = Release;
		};
		0F99AAA821003186008AFD51 /* Debug */ = {
			isa = XCBuildConfiguration;
			buildSettings = {
				ASSETCATALOG_COMPILER_APPICON_NAME = AppIcon;
				CODE_SIGN_STYLE = Manual;
				DEVELOPMENT_TEAM = 48TB6ZZL5S;
				ENABLE_BITCODE = YES;
				FRAMEWORK_SEARCH_PATHS = (
					"$(inherited)",
					"$(PROJECT_DIR)",
					"$(PROJECT_DIR)/AgoraInjectStreaming",
				);
				INFOPLIST_FILE = AgoraInjectStreaming/Info.plist;
				IPHONEOS_DEPLOYMENT_TARGET = 8.0;
				LD_RUNPATH_SEARCH_PATHS = "$(inherited) @executable_path/Frameworks";
				PRODUCT_BUNDLE_IDENTIFIER = io.agora.AgoraInjectStreaming;
				PRODUCT_NAME = "$(TARGET_NAME)";
				PROVISIONING_PROFILE = "28d072e1-f550-49ef-a601-6038e4fddc51";
				PROVISIONING_PROFILE_SPECIFIER = AgoraIODev2018;
				SWIFT_VERSION = 4.2;
				TARGETED_DEVICE_FAMILY = "1,2";
			};
			name = Debug;
		};
		0F99AAA921003186008AFD51 /* Release */ = {
			isa = XCBuildConfiguration;
			buildSettings = {
				ASSETCATALOG_COMPILER_APPICON_NAME = AppIcon;
				CODE_SIGN_STYLE = Manual;
				DEVELOPMENT_TEAM = 48TB6ZZL5S;
				ENABLE_BITCODE = YES;
				FRAMEWORK_SEARCH_PATHS = (
					"$(inherited)",
					"$(PROJECT_DIR)",
					"$(PROJECT_DIR)/AgoraInjectStreaming",
				);
				INFOPLIST_FILE = AgoraInjectStreaming/Info.plist;
				IPHONEOS_DEPLOYMENT_TARGET = 8.0;
				LD_RUNPATH_SEARCH_PATHS = "$(inherited) @executable_path/Frameworks";
				PRODUCT_BUNDLE_IDENTIFIER = io.agora.AgoraInjectStreaming;
				PRODUCT_NAME = "$(TARGET_NAME)";
				PROVISIONING_PROFILE = "28d072e1-f550-49ef-a601-6038e4fddc51";
				PROVISIONING_PROFILE_SPECIFIER = AgoraIODev2018;
				SWIFT_VERSION = 4.2;
				TARGETED_DEVICE_FAMILY = "1,2";
			};
			name = Release;
		};
/* End XCBuildConfiguration section */

/* Begin XCConfigurationList section */
		0F99AA9021003185008AFD51 /* Build configuration list for PBXProject "AgoraInjectStreaming" */ = {
			isa = XCConfigurationList;
			buildConfigurations = (
				0F99AAA521003186008AFD51 /* Debug */,
				0F99AAA621003186008AFD51 /* Release */,
			);
			defaultConfigurationIsVisible = 0;
			defaultConfigurationName = Release;
		};
		0F99AAA721003186008AFD51 /* Build configuration list for PBXNativeTarget "AgoraInjectStreaming" */ = {
			isa = XCConfigurationList;
			buildConfigurations = (
				0F99AAA821003186008AFD51 /* Debug */,
				0F99AAA921003186008AFD51 /* Release */,
			);
			defaultConfigurationIsVisible = 0;
			defaultConfigurationName = Release;
		};
/* End XCConfigurationList section */
	};
	rootObject = 0F99AA8D21003185008AFD51 /* Project object */;
}
