<?xml version="1.0" encoding="utf-8"?>
<Project ToolsVersion="4.0" xmlns="http://schemas.microsoft.com/developer/msbuild/2003">
  <ItemGroup>
    <Filter Include="AgoraObject">
      <UniqueIdentifier>{47a79b14-ae7a-4582-97ed-5173f1b8c099}</UniqueIdentifier>
    </Filter>
    <Filter Include="Dlg">
      <UniqueIdentifier>{4404a86d-1f1f-4cd2-9b71-6b67e35bee25}</UniqueIdentifier>
    </Filter>
    <Filter Include="Util">
      <UniqueIdentifier>{998b1355-2bd7-4d10-85e5-7958e2ae6779}</UniqueIdentifier>
    </Filter>
    <Filter Include="Source">
      <UniqueIdentifier>{4FC737F1-C7A5-4376-A066-2A32D752A2FF}</UniqueIdentifier>
      <Extensions>cpp;c;cc;cxx;def;odl;idl;hpj;bat;asm;asmx</Extensions>
    </Filter>
    <Filter Include="Resource">
      <UniqueIdentifier>{67DA6AB6-F800-4c08-8B7A-83BB121AAD01}</UniqueIdentifier>
      <Extensions>rc;ico;cur;bmp;dlg;rc2;rct;bin;rgs;gif;jpg;jpeg;jpe;resx;tiff;tif;png;wav;mfcribbon-ms</Extensions>
    </Filter>
    <Filter Include="Header">
      <UniqueIdentifier>{93995380-89BD-4b04-88EB-625FBE52EBFB}</UniqueIdentifier>
      <Extensions>h;hh;hpp;hxx;hm;inl;inc;xsd</Extensions>
    </Filter>
  </ItemGroup>
  <ItemGroup>
    <ClInclude Include="LiveStreaming.h">
      <Filter>Header</Filter>
    </ClInclude>
    <ClInclude Include="stdafx.h">
      <Filter>Header</Filter>
    </ClInclude>
    <ClInclude Include="targetver.h">
      <Filter>Header</Filter>
    </ClInclude>
    <ClInclude Include="Resource.h">
      <Filter>Header</Filter>
    </ClInclude>
    <ClInclude Include="AGEngineEventHandler.h">
      <Filter>AgoraObject</Filter>
    </ClInclude>
    <ClInclude Include="AgoraObject.h">
      <Filter>AgoraObject</Filter>
    </ClInclude>
    <ClInclude Include="AGEventDef.h">
      <Filter>AgoraObject</Filter>
    </ClInclude>
    <ClInclude Include="AGButton.h">
      <Filter>Dlg</Filter>
    </ClInclude>
    <ClInclude Include="LiveStreamingDlg.h">
      <Filter>Dlg</Filter>
    </ClInclude>
    <ClInclude Include="AGResourceVisitor.h">
      <Filter>AgoraObject</Filter>
    </ClInclude>
    <ClInclude Include="commonfun.h">
      <Filter>Util</Filter>
    </ClInclude>
    <ClInclude Include="DynamicKey5.h">
      <Filter>Util</Filter>
    </ClInclude>
    <ClInclude Include="FileIO.h">
      <Filter>Util</Filter>
    </ClInclude>
    <ClInclude Include="Packer.h">
      <Filter>Util</Filter>
    </ClInclude>
    <ClInclude Include="utils.h">
      <Filter>Util</Filter>
    </ClInclude>
    <ClInclude Include="MacDef.h">
      <Filter>Util</Filter>
    </ClInclude>
    <ClInclude Include="AgoraCameraManager.h">
      <Filter>AgoraObject</Filter>
    </ClInclude>
    <ClInclude Include="AgoraAudInputManager.h">
      <Filter>AgoraObject</Filter>
    </ClInclude>
  </ItemGroup>
  <ItemGroup>
    <ClCompile Include="LiveStreaming.cpp">
      <Filter>Source</Filter>
    </ClCompile>
    <ClCompile Include="stdafx.cpp">
      <Filter>Source</Filter>
    </ClCompile>
    <ClCompile Include="AGEngineEventHandler.cpp">
      <Filter>AgoraObject</Filter>
    </ClCompile>
    <ClCompile Include="AgoraObject.cpp">
      <Filter>AgoraObject</Filter>
    </ClCompile>
    <ClCompile Include="AGButton.cpp">
      <Filter>Dlg</Filter>
    </ClCompile>
    <ClCompile Include="LiveStreamingDlg.cpp">
      <Filter>Dlg</Filter>
    </ClCompile>
    <ClCompile Include="AGResourceVisitor.cpp">
      <Filter>AgoraObject</Filter>
    </ClCompile>
    <ClCompile Include="commonfun.cpp">
      <Filter>Util</Filter>
    </ClCompile>
    <ClCompile Include="FileIO.cpp">
      <Filter>Util</Filter>
    </ClCompile>
    <ClCompile Include="AgoraCameraManager.cpp">
      <Filter>AgoraObject</Filter>
    </ClCompile>
    <ClCompile Include="AgoraAudInputManager.cpp">
      <Filter>AgoraObject</Filter>
    </ClCompile>
  </ItemGroup>
  <ItemGroup>
    <ResourceCompile Include="LiveStreaming.rc">
      <Filter>Resource</Filter>
    </ResourceCompile>
  </ItemGroup>
  <ItemGroup>
    <None Include="res\LiveStreaming.rc2">
      <Filter>Resource</Filter>
    </None>
    <None Include="..\Debug\LIveStreamConfig.ini" />
  </ItemGroup>
  <ItemGroup>
    <Image Include="res\LiveStreaming.ico">
      <Filter>Resource</Filter>
    </Image>
  </ItemGroup>
</Project>